
Microsoft Visual Studio Solution File, Format Version 12.00
# Visual Studio Version 17
VisualStudioVersion = 17.14.36429.23
MinimumVisualStudioVersion = 10.0.40219.1
Project("{FAE04EC0-301F-11D3-BF4B-00C04F79EFBC}") = "soren-curriculo", "soren-curriculo\soren-curriculo.csproj", "{66C9F01A-1285-4ADE-B89A-71659F35DFA5}"
EndProject
Project("{2150E333-8FDC-42A3-9474-1A3956D46DE8}") = ".github", ".github", "{02EA681E-C7D8-13C7-8484-4AC65E1B71E8}"
EndProject
Project("{2150E333-8FDC-42A3-9474-1A3956D46DE8}") = "workflows", "workflows", "{53B4447E-ED19-4B7D-B67C-780B44729C82}"
	ProjectSection(SolutionItems) = preProject
		docker-build.yml = docker-build.yml
	EndProjectSection
EndProject
Global
	GlobalSection(SolutionConfigurationPlatforms) = preSolution
		Debug|Any CPU = Debug|Any CPU
		Release|Any CPU = Release|Any CPU
	EndGlobalSection
	GlobalSection(ProjectConfigurationPlatforms) = postSolution
		{66C9F01A-1285-4ADE-B89A-71659F35DFA5}.Debug|Any CPU.ActiveCfg = Debug|Any CPU
		{66C9F01A-1285-4ADE-B89A-71659F35DFA5}.Debug|Any CPU.Build.0 = Debug|Any CPU
		{66C9F01A-1285-4ADE-B89A-71659F35DFA5}.Release|Any CPU.ActiveCfg = Release|Any CPU
		{66C9F01A-1285-4ADE-B89A-71659F35DFA5}.Release|Any CPU.Build.0 = Release|Any CPU
	EndGlobalSection
	GlobalSection(SolutionProperties) = preSolution
		HideSolutionNode = FALSE
	EndGlobalSection
	GlobalSection(NestedProjects) = preSolution
		{53B4447E-ED19-4B7D-B67C-780B44729C82} = {02EA681E-C7D8-13C7-8484-4AC65E1B71E8}
	EndGlobalSection
	GlobalSection(ExtensibilityGlobals) = postSolution
		SolutionGuid = {397AA90C-CDF3-4A82-93D3-27D4D445198B}
	EndGlobalSection
EndGlobal
